PODS:
  - TensorFlowLiteGpuExperimental (0.0.1)
  - TensorIO (0.4.2):
    - TensorFlowLiteGpuExperimental

DEPENDENCIES:
  - TensorIO (from `../`)

SPEC REPOS:
  https://github.com/cocoapods/specs.git:
    - TensorFlowLiteGpuExperimental

EXTERNAL SOURCES:
  TensorIO:
    :path: "../"

SPEC CHECKSUMS:
  TensorFlowLiteGpuExperimental: 16d9be415bce7b2bba9e0be17e2009fd57428d0f
  TensorIO: 9e323b5b08c36df3ad20f9ea76811d8c02ff52aa

PODFILE CHECKSUM: 92aac65e2067c39e295dba1566637b029ac5a217

COCOAPODS: 1.6.0
